// !$*UTF8*$!
{
	archiveVersion = 1;
	classes = {
	};
	objectVersion = 50;
	objects = {

/* Begin PBXBuildFile section */
		F96684FE20E3BD4C00EC500D /* AppDelegate.swift in Sources */ = {isa = PBXBuildFile; fileRef = F96684FD20E3BD4C00EC500D /* AppDelegate.swift */; };
		F966850020E3BD4C00EC500D /* ViewController.swift in Sources */ = {isa = PBXBuildFile; fileRef = F96684FF20E3BD4C00EC500D /* ViewController.swift */; };
		F966850320E3BD4C00EC500D /* Main.storyboard in Resources */ = {isa = PBXBuildFile; fileRef = F966850120E3BD4C00EC500D /* Main.storyboard */; };
		F966850620E3BD4C00EC500D /* Contact.xcdatamodeld in Sources */ = {isa = PBXBuildFile; fileRef = F966850420E3BD4C00EC500D /* Contact.xcdatamodeld */; };
		F966850820E3BD4D00EC500D /* Assets.xcassets in Resources */ = {isa = PBXBuildFile; fileRef = F966850720E3BD4D00EC500D /* Assets.xcassets */; };
		F966850B20E3BD4D00EC500D /* LaunchScreen.storyboard in Resources */ = {isa = PBXBuildFile; fileRef = F966850920E3BD4D00EC500D /* LaunchScreen.storyboard */; };
		F966851620E3BD4D00EC500D /* ContactTests.swift in Sources */ = {isa = PBXBuildFile; fileRef = F966851520E3BD4D00EC500D /* ContactTests.swift */; };
/* End PBXBuildFile section */

/* Begin PBXContainerItemProxy section */
		F966851220E3BD4D00EC500D /* PBXContainerItemProxy */ = {
			isa = PBXContainerItemProxy;
			containerPortal = F96684F220E3BD4C00EC500D /* Project object */;
			proxyType = 1;
			remoteGlobalIDString = F96684F920E3BD4C00EC500D;
			remoteInfo = Contact;
		};
/* End PBXContainerItemProxy section */

/* Begin PBXFileReference section */
		F96684FA20E3BD4C00EC500D /* Contact.app */ = {isa = PBXFileReference; explicitFileType = wrapper.application; includeInIndex = 0; path = Contact.app; sourceTree = BUILT_PRODUCTS_DIR; };
		F96684FD20E3BD4C00EC500D /* AppDelegate.swift */ = {isa = PBXFileReference; lastKnownFileType = sourcecode.swift; path = AppDelegate.swift; sourceTree = "<group>"; };
		F96684FF20E3BD4C00EC500D /* ViewController.swift */ = {isa = PBXFileReference; lastKnownFileType = sourcecode.swift; path = ViewController.swift; sourceTree = "<group>"; };
		F966850220E3BD4C00EC500D /* Base */ = {isa = PBXFileReference; lastKnownFileType = file.storyboard; name = Base; path = Base.lproj/Main.storyboard; sourceTree = "<group>"; };
		F966850520E3BD4C00EC500D /* Contact.xcdatamodel */ = {isa = PBXFileReference; lastKnownFileType = wrapper.xcdatamodel; path = Contact.xcdatamodel; sourceTree = "<group>"; };
		F966850720E3BD4D00EC500D /* Assets.xcassets */ = {isa = PBXFileReference; lastKnownFileType = folder.assetcatalog; path = Assets.xcassets; sourceTree = "<group>"; };
		F966850A20E3BD4D00EC500D /* Base */ = {isa = PBXFileReference; lastKnownFileType = file.storyboard; name = Base; path = Base.lproj/LaunchScreen.storyboard; sourceTree = "<group>"; };
		F966850C20E3BD4D00EC500D /* Info.plist */ = {isa = PBXFileReference; lastKnownFileType = text.plist.xml; path = Info.plist; sourceTree = "<group>"; };
		F966851120E3BD4D00EC500D /* ContactTests.xctest */ = {isa = PBXFileReference; explicitFileType = wrapper.cfbundle; includeInIndex = 0; path = ContactTests.xctest; sourceTree = BUILT_PRODUCTS_DIR; };
		F966851520E3BD4D00EC500D /* ContactTests.swift */ = {isa = PBXFileReference; lastKnownFileType = sourcecode.swift; path = ContactTests.swift; sourceTree = "<group>"; };
		F966851720E3BD4D00EC500D /* Info.plist */ = {isa = PBXFileReference; lastKnownFileType = text.plist.xml; path = Info.plist; sourceTree = "<group>"; };
/* End PBXFileReference section */

/* Begin PBXFrameworksBuildPhase section */
		F96684F720E3BD4C00EC500D /* Frameworks */ = {
			isa = PBXFrameworksBuildPhase;
			buildActionMask = 2147483647;
			files = (
			);
			runOnlyForDeploymentPostprocessing = 0;
		};
		F966850E20E3BD4D00EC500D /* Frameworks */ = {
			isa = PBXFrameworksBuildPhase;
			buildActionMask = 2147483647;
			files = (
			);
			runOnlyForDeploymentPostprocessing = 0;
		};
/* End PBXFrameworksBuildPhase section */

/* Begin PBXGroup section */
		F96684F120E3BD4C00EC500D = {
			isa = PBXGroup;
			children = (
				F96684FC20E3BD4C00EC500D /* Contact */,
				F966851420E3BD4D00EC500D /* ContactTests */,
				F96684FB20E3BD4C00EC500D /* Products */,
			);
			sourceTree = "<group>";
		};
		F96684FB20E3BD4C00EC500D /* Products */ = {
			isa = PBXGroup;
			children = (
				F96684FA20E3BD4C00EC500D /* Contact.app */,
				F966851120E3BD4D00EC500D /* ContactTests.xctest */,
			);
			name = Products;
			sourceTree = "<group>";
		};
		F96684FC20E3BD4C00EC500D /* Contact */ = {
			isa = PBXGroup;
			children = (
				F96684FD20E3BD4C00EC500D /* AppDelegate.swift */,
				F96684FF20E3BD4C00EC500D /* ViewController.swift */,
				F966850120E3BD4C00EC500D /* Main.storyboard */,
				F966850720E3BD4D00EC500D /* Assets.xcassets */,
				F966850920E3BD4D00EC500D /* LaunchScreen.storyboard */,
				F966850C20E3BD4D00EC500D /* Info.plist */,
				F966850420E3BD4C00EC500D /* Contact.xcdatamodeld */,
			);
			path = Contact;
			sourceTree = "<group>";
		};
		F966851420E3BD4D00EC500D /* ContactTests */ = {
			isa = PBXGroup;
			children = (
				F966851520E3BD4D00EC500D /* ContactTests.swift */,
				F966851720E3BD4D00EC500D /* Info.plist */,
			);
			path = ContactTests;
			sourceTree = "<group>";
		};
/* End PBXGroup section */

/* Begin PBXNativeTarget section */
		F96684F920E3BD4C00EC500D /* Contact */ = {
			isa = PBXNativeTarget;
			buildConfigurationList = F966851A20E3BD4D00EC500D /* Build configuration list for PBXNativeTarget "Contact" */;
			buildPhases = (
				F96684F620E3BD4C00EC500D /* Sources */,
				F96684F720E3BD4C00EC500D /* Frameworks */,
				F96684F820E3BD4C00EC500D /* Resources */,
			);
			buildRules = (
			);
			dependencies = (
			);
			name = Contact;
			productName = Contact;
			productReference = F96684FA20E3BD4C00EC500D /* Contact.app */;
			productType = "com.apple.product-type.application";
		};
		F966851020E3BD4D00EC500D /* ContactTests */ = {
			isa = PBXNativeTarget;
			buildConfigurationList = F966851D20E3BD4D00EC500D /* Build configuration list for PBXNativeTarget "ContactTests" */;
			buildPhases = (
				F966850D20E3BD4D00EC500D /* Sources */,
				F966850E20E3BD4D00EC500D /* Frameworks */,
				F966850F20E3BD4D00EC500D /* Resources */,
			);
			buildRules = (
			);
			dependencies = (
				F966851320E3BD4D00EC500D /* PBXTargetDependency */,
			);
			name = ContactTests;
			productName = ContactTests;
			productReference = F966851120E3BD4D00EC500D /* ContactTests.xctest */;
			productType = "com.apple.product-type.bundle.unit-test";
		};
/* End PBXNativeTarget section */

/* Begin PBXProject section */
		F96684F220E3BD4C00EC500D /* Project object */ = {
			isa = PBXProject;
			attributes = {
				LastSwiftUpdateCheck = 0930;
				LastUpgradeCheck = 0930;
				ORGANIZATIONNAME = tiseno;
				TargetAttributes = {
					F96684F920E3BD4C00EC500D = {
						CreatedOnToolsVersion = 9.3;
					};
					F966851020E3BD4D00EC500D = {
						CreatedOnToolsVersion = 9.3;
						TestTargetID = F96684F920E3BD4C00EC500D;
					};
				};
			};
			buildConfigurationList = F96684F520E3BD4C00EC500D /* Build configuration list for PBXProject "Contact" */;
			compatibilityVersion = "Xcode 9.3";
			developmentRegion = en;
			hasScannedForEncodings = 0;
			knownRegions = (
				en,
				Base,
			);
			mainGroup = F96684F120E3BD4C00EC500D;
			productRefGroup = F96684FB20E3BD4C00EC500D /* Products */;
			projectDirPath = "";
			projectRoot = "";
			targets = (
				F96684F920E3BD4C00EC500D /* Contact */,
				F966851020E3BD4D00EC500D /* ContactTests */,
			);
		};
/* End PBXProject section */

/* Begin PBXResourcesBuildPhase section */
		F96684F820E3BD4C00EC500D /* Resources */ = {
			isa = PBXResourcesBuildPhase;
			buildActionMask = 2147483647;
			files = (
				F966850B20E3BD4D00EC500D /* LaunchScreen.storyboard in Resources */,
				F966850820E3BD4D00EC500D /* Assets.xcassets in Resources */,
				F966850320E3BD4C00EC500D /* Main.storyboard in Resources */,
			);
			runOnlyForDeploymentPostprocessing = 0;
		};
		F966850F20E3BD4D00EC500D /* Resources */ = {
			isa = PBXResourcesBuildPhase;
			buildActionMask = 2147483647;
			files = (
			);
			runOnlyForDeploymentPostprocessing = 0;
		};
/* End PBXResourcesBuildPhase section */

/* Begin PBXSourcesBuildPhase section */
		F96684F620E3BD4C00EC500D /* Sources */ = {
			isa = PBXSourcesBuildPhase;
			buildActionMask = 2147483647;
			files = (
				F966850020E3BD4C00EC500D /* ViewController.swift in Sources */,
				F96684FE20E3BD4C00EC500D /* AppDelegate.swift in Sources */,
				F966850620E3BD4C00EC500D /* Contact.xcdatamodeld in Sources */,
			);
			runOnlyForDeploymentPostprocessing = 0;
		};
		F966850D20E3BD4D00EC500D /* Sources */ = {
			isa = PBXSourcesBuildPhase;
			buildActionMask = 2147483647;
			files = (
				F966851620E3BD4D00EC500D /* ContactTests.swift in Sources */,
			);
			runOnlyForDeploymentPostprocessing = 0;
		};
/* End PBXSourcesBuildPhase section */

/* Begin PBXTargetDependency section */
		F966851320E3BD4D00EC500D /* PBXTargetDependency */ = {
			isa = PBXTargetDependency;
			target = F96684F920E3BD4C00EC500D /* Contact */;
			targetProxy = F966851220E3BD4D00EC500D /* PBXContainerItemProxy */;
		};
/* End PBXTargetDependency section */

/* Begin PBXVariantGroup section */
		F966850120E3BD4C00EC500D /* Main.storyboard */ = {
			isa = PBXVariantGroup;
			children = (
				F966850220E3BD4C00EC500D /* Base */,
			);
			name = Main.storyboard;
			sourceTree = "<group>";
		};
		F966850920E3BD4D00EC500D /* LaunchScreen.storyboard */ = {
			isa = PBXVariantGroup;
			children = (
				F966850A20E3BD4D00EC500D /* Base */,
			);
			name = LaunchScreen.storyboard;
			sourceTree = "<group>";
		};
/* End PBXVariantGroup section */

/* Begin XCBuildConfiguration section */
		F966851820E3BD4D00EC500D /* Debug */ = {
			isa = XCBuildConfiguration;
			buildSettings = {
				ALWAYS_SEARCH_USER_PATHS = NO;
				CLANG_ANALYZER_NONNULL = YES;
				CLANG_ANALYZER_NUMBER_OBJECT_CONVERSION = YES_AGGRESSIVE;
				CLANG_CXX_LANGUAGE_STANDARD = "gnu++14";
				CLANG_CXX_LIBRARY = "libc++";
				CLANG_ENABLE_MODULES = YES;
				CLANG_ENABLE_OBJC_ARC = YES;
				CLANG_ENABLE_OBJC_WEAK = YES;
				CLANG_WARN_BLOCK_CAPTURE_AUTORELEASING = YES;
				CLANG_WARN_BOOL_CONVERSION = YES;
				CLANG_WARN_COMMA = YES;
				CLANG_WARN_CONSTANT_CONVERSION = YES;
				CLANG_WARN_DEPRECATED_OBJC_IMPLEMENTATIONS = YES;
				CLANG_WARN_DIRECT_OBJC_ISA_USAGE = YES_ERROR;
				CLANG_WARN_DOCUMENTATION_COMMENTS = YES;
				CLANG_WARN_EMPTY_BODY = YES;
				CLANG_WARN_ENUM_CONVERSION = YES;
				CLANG_WARN_INFINITE_RECURSION = YES;
				CLANG_WARN_INT_CONVERSION = YES;
				CLANG_WARN_NON_LITERAL_NULL_CONVERSION = YES;
				CLANG_WARN_OBJC_IMPLICIT_RETAIN_SELF = YES;
				CLANG_WARN_OBJC_LITERAL_CONVERSION = YES;
				CLANG_WARN_OBJC_ROOT_CLASS = YES_ERROR;
				CLANG_WARN_RANGE_LOOP_ANALYSIS = YES;
				CLANG_WARN_STRICT_PROTOTYPES = YES;
				CLANG_WARN_SUSPICIOUS_MOVE = YES;
				CLANG_WARN_UNGUARDED_AVAILABILITY = YES_AGGRESSIVE;
				CLANG_WARN_UNREACHABLE_CODE = YES;
				CLANG_WARN__DUPLICATE_METHOD_MATCH = YES;
				CODE_SIGN_IDENTITY = "iPhone Developer";
				COPY_PHASE_STRIP = NO;
				DEBUG_INFORMATION_FORMAT = dwarf;
				ENABLE_STRICT_OBJC_MSGSEND = YES;
				ENABLE_TESTABILITY = YES;
				GCC_C_LANGUAGE_STANDARD = gnu11;
				GCC_DYNAMIC_NO_PIC = NO;
				GCC_NO_COMMON_BLOCKS = YES;
				GCC_OPTIMIZATION_LEVEL = 0;
				GCC_PREPROCESSOR_DEFINITIONS = (
					"DEBUG=1",
					"$(inherited)",
				);
				GCC_WARN_64_TO_32_BIT_CONVERSION = YES;
				GCC_WARN_ABOUT_RETURN_TYPE = YES_ERROR;
				GCC_WARN_UNDECLARED_SELECTOR = YES;
				GCC_WARN_UNINITIALIZED_AUTOS = YES_AGGRESSIVE;
				GCC_WARN_UNUSED_FUNCTION = YES;
				GCC_WARN_UNUSED_VARIABLE = YES;
				IPHONEOS_DEPLOYMENT_TARGET = 11.3;
				MTL_ENABLE_DEBUG_INFO = YES;
				ONLY_ACTIVE_ARCH = YES;
				SDKROOT = iphoneos;
				SWIFT_ACTIVE_COMPILATION_CONDITIONS = DEBUG;
				SWIFT_OPTIMIZATION_LEVEL = "-Onone";
			};
			name = Debug;
		};
		F966851920E3BD4D00EC500D /* Release */ = {
			isa = XCBuildConfiguration;
			buildSettings = {
				ALWAYS_SEARCH_USER_PATHS = NO;
				CLANG_ANALYZER_NONNULL = YES;
				CLANG_ANALYZER_NUMBER_OBJECT_CONVERSION = YES_AGGRESSIVE;
				CLANG_CXX_LANGUAGE_STANDARD = "gnu++14";
				CLANG_CXX_LIBRARY = "libc++";
				CLANG_ENABLE_MODULES = YES;
				CLANG_ENABLE_OBJC_ARC = YES;
				CLANG_ENABLE_OBJC_WEAK = YES;
				CLANG_WARN_BLOCK_CAPTURE_AUTORELEASING = YES;
				CLANG_WARN_BOOL_CONVERSION = YES;
				CLANG_WARN_COMMA = YES;
				CLANG_WARN_CONSTANT_CONVERSION = YES;
				CLANG_WARN_DEPRECATED_OBJC_IMPLEMENTATIONS = YES;
				CLANG_WARN_DIRECT_OBJC_ISA_USAGE = YES_ERROR;
				CLANG_WARN_DOCUMENTATION_COMMENTS = YES;
				CLANG_WARN_EMPTY_BODY = YES;
				CLANG_WARN_ENUM_CONVERSION = YES;
				CLANG_WARN_INFINITE_RECURSION = YES;
				CLANG_WARN_INT_CONVERSION = YES;
				CLANG_WARN_NON_LITERAL_NULL_CONVERSION = YES;
				CLANG_WARN_OBJC_IMPLICIT_RETAIN_SELF = YES;
				CLANG_WARN_OBJC_LITERAL_CONVERSION = YES;
				CLANG_WARN_OBJC_ROOT_CLASS = YES_ERROR;
				CLANG_WARN_RANGE_LOOP_ANALYSIS = YES;
				CLANG_WARN_STRICT_PROTOTYPES = YES;
				CLANG_WARN_SUSPICIOUS_MOVE = YES;
				CLANG_WARN_UNGUARDED_AVAILABILITY = YES_AGGRESSIVE;
				CLANG_WARN_UNREACHABLE_CODE = YES;
				CLANG_WARN__DUPLICATE_METHOD_MATCH = YES;
				CODE_SIGN_IDENTITY = "iPhone Developer";
				COPY_PHASE_STRIP = NO;
				DEBUG_INFORMATION_FORMAT = "dwarf-with-dsym";
				ENABLE_NS_ASSERTIONS = NO;
				ENABLE_STRICT_OBJC_MSGSEND = YES;
				GCC_C_LANGUAGE_STANDARD = gnu11;
				GCC_NO_COMMON_BLOCKS = YES;
				GCC_WARN_64_TO_32_BIT_CONVERSION = YES;
				GCC_WARN_ABOUT_RETURN_TYPE = YES_ERROR;
				GCC_WARN_UNDECLARED_SELECTOR = YES;
				GCC_WARN_UNINITIALIZED_AUTOS = YES_AGGRESSIVE;
				GCC_WARN_UNUSED_FUNCTION = YES;
				GCC_WARN_UNUSED_VARIABLE = YES;
				IPHONEOS_DEPLOYMENT_TARGET = 11.3;
				MTL_ENABLE_DEBUG_INFO = NO;
				SDKROOT = iphoneos;
				SWIFT_COMPILATION_MODE = wholemodule;
				SWIFT_OPTIMIZATION_LEVEL = "-O";
				VALIDATE_PRODUCT = YES;
			};
			name = Release;
		};
		F966851B20E3BD4D00EC500D /* Debug */ = {
			isa = XCBuildConfiguration;
			buildSettings = {
				ASSETCATALOG_COMPILER_APPICON_NAME = AppIcon;
				CODE_SIGN_STYLE = Automatic;
				DEVELOPMENT_TEAM = KFB7KQY39Z;
				INFOPLIST_FILE = Contact/Info.plist;
				LD_RUNPATH_SEARCH_PATHS = (
					"$(inherited)",
					"@executable_path/Frameworks",
				);
				PRODUCT_BUNDLE_IDENTIFIER = tiseno.com.Contact;
				PRODUCT_NAME = "$(TARGET_NAME)";
				SWIFT_VERSION = 4.0;
				TARGETED_DEVICE_FAMILY = "1,2";
			};
			name = Debug;
		};
		F966851C20E3BD4D00EC500D /* Release */ = {
			isa = XCBuildConfiguration;
			buildSettings = {
				ASSETCATALOG_COMPILER_APPICON_NAME = AppIcon;
				CODE_SIGN_STYLE = Automatic;
				DEVELOPMENT_TEAM = KFB7KQY39Z;
				INFOPLIST_FILE = Contact/Info.plist;
				LD_RUNPATH_SEARCH_PATHS = (
					"$(inherited)",
					"@executable_path/Frameworks",
				);
				PRODUCT_BUNDLE_IDENTIFIER = tiseno.com.Contact;
				PRODUCT_NAME = "$(TARGET_NAME)";
				SWIFT_VERSION = 4.0;
				TARGETED_DEVICE_FAMILY = "1,2";
			};
			name = Release;
		};
		F966851E20E3BD4D00EC500D /* Debug */ = {
			isa = XCBuildConfiguration;
			buildSettings = {
				ALWAYS_EMBED_SWIFT_STANDARD_LIBRARIES = YES;
				BUNDLE_LOADER = "$(TEST_HOST)";
				CODE_SIGN_STYLE = Automatic;
				DEVELOPMENT_TEAM = KFB7KQY39Z;
				INFOPLIST_FILE = ContactTests/Info.plist;
				LD_RUNPATH_SEARCH_PATHS = (
					"$(inherited)",
					"@executable_path/Frameworks",
					"@loader_path/Frameworks",
				);
				PRODUCT_BUNDLE_IDENTIFIER = tiseno.com.ContactTests;
				PRODUCT_NAME = "$(TARGET_NAME)";
				SWIFT_VERSION = 4.0;
				TARGETED_DEVICE_FAMILY = "1,2";
				TEST_HOST = "$(BUILT_PRODUCTS_DIR)/Contact.app/Contact";
			};
			name = Debug;
		};
		F966851F20E3BD4D00EC500D /* Release */ = {
			isa = XCBuildConfiguration;
			buildSettings = {
				ALWAYS_EMBED_SWIFT_STANDARD_LIBRARIES = YES;
				BUNDLE_LOADER = "$(TEST_HOST)";
				CODE_SIGN_STYLE = Automatic;
				DEVELOPMENT_TEAM = KFB7KQY39Z;
				INFOPLIST_FILE = ContactTests/Info.plist;
				LD_RUNPATH_SEARCH_PATHS = (
					"$(inherited)",
					"@executable_path/Frameworks",
					"@loader_path/Frameworks",
				);
				PRODUCT_BUNDLE_IDENTIFIER = tiseno.com.ContactTests;
				PRODUCT_NAME = "$(TARGET_NAME)";
				SWIFT_VERSION = 4.0;
				TARGETED_DEVICE_FAMILY = "1,2";
				TEST_HOST = "$(BUILT_PRODUCTS_DIR)/Contact.app/Contact";
			};
			name = Release;
		};
/* End XCBuildConfiguration section */

/* Begin XCConfigurationList section */
		F96684F520E3BD4C00EC500D /* Build configuration list for PBXProject "Contact" */ = {
			isa = XCConfigurationList;
			buildConfigurations = (
				F966851820E3BD4D00EC500D /* Debug */,
				F966851920E3BD4D00EC500D /* Release */,
			);
			defaultConfigurationIsVisible = 0;
			defaultConfigurationName = Release;
		};
		F966851A20E3BD4D00EC500D /* Build configuration list for PBXNativeTarget "Contact" */ = {
			isa = XCConfigurationList;
			buildConfigurations = (
				F966851B20E3BD4D00EC500D /* Debug */,
				F966851C20E3BD4D00EC500D /* Release */,
			);
			defaultConfigurationIsVisible = 0;
			defaultConfigurationName = Release;
		};
		F966851D20E3BD4D00EC500D /* Build configuration list for PBXNativeTarget "ContactTests" */ = {
			isa = XCConfigurationList;
			buildConfigurations = (
				F966851E20E3BD4D00EC500D /* Debug */,
				F966851F20E3BD4D00EC500D /* Release */,
			);
			defaultConfigurationIsVisible = 0;
			defaultConfigurationName = Release;
		};
/* End XCConfigurationList section */

/* Begin XCVersionGroup section */
		F966850420E3BD4C00EC500D /* Contact.xcdatamodeld */ = {
			isa = XCVersionGroup;
			children = (
				F966850520E3BD4C00EC500D /* Contact.xcdatamodel */,
			);
			currentVersion = F966850520E3BD4C00EC500D /* Contact.xcdatamodel */;
			path = Contact.xcdatamodeld;
			sourceTree = "<group>";
			versionGroupType = wrapper.xcdatamodel;
		};
/* End XCVersionGroup section */
	};
	rootObject = F96684F220E3BD4C00EC500D /* Project object */;
}
